
Microsoft Visual Studio Solution File, Format Version 12.00
Project("{FAE04EC0-301F-11D3-BF4B-00C04F79EFBC}") = "API", "API\API.csproj", "{4649C214-2749-415C-89B4-C90AEC417E5B}"
EndProject
Project("{FAE04EC0-301F-11D3-BF4B-00C04F79EFBC}") = "Engine", "Engine\Engine.csproj", "{A1CBEF64-C294-42CA-8E20-CEB0FB45F059}"
EndProject
Project("{FAE04EC0-301F-11D3-BF4B-00C04F79EFBC}") = "IconsAndFonts", "IconsAndFonts\IconsAndFonts.csproj", "{9EAE5F36-8DE3-4347-91F4-7EF05BDDE2F8}"
EndProject
Global
	GlobalSection(SolutionConfigurationPlatforms) = preSolution
		Debug|Any CPU = Debug|Any CPU
		Release|Any CPU = Release|Any CPU
	EndGlobalSection
	GlobalSection(ProjectConfigurationPlatforms) = postSolution
		{4649C214-2749-415C-89B4-C90AEC417E5B}.Debug|Any CPU.ActiveCfg = Debug|Any CPU
		{4649C214-2749-415C-89B4-C90AEC417E5B}.Debug|Any CPU.Build.0 = Debug|Any CPU
		{4649C214-2749-415C-89B4-C90AEC417E5B}.Release|Any CPU.ActiveCfg = Release|Any CPU
		{4649C214-2749-415C-89B4-C90AEC417E5B}.Release|Any CPU.Build.0 = Release|Any CPU
		{4649C214-2749-415C-89B4-C90AEC417E5B}.Debug|Any CPU.Deploy.0 = Debug|Any CPU
		{4649C214-2749-415C-89B4-C90AEC417E5B}.Release|Any CPU.Deploy.0 = Release|Any CPU
		{A1CBEF64-C294-42CA-8E20-CEB0FB45F059}.Debug|Any CPU.ActiveCfg = Debug|Any CPU
		{A1CBEF64-C294-42CA-8E20-CEB0FB45F059}.Debug|Any CPU.Build.0 = Debug|Any CPU
		{A1CBEF64-C294-42CA-8E20-CEB0FB45F059}.Release|Any CPU.ActiveCfg = Release|Any CPU
		{A1CBEF64-C294-42CA-8E20-CEB0FB45F059}.Release|Any CPU.Build.0 = Release|Any CPU
		{A1CBEF64-C294-42CA-8E20-CEB0FB45F059}.Debug|Any CPU.Deploy.0 = Debug|Any CPU
		{A1CBEF64-C294-42CA-8E20-CEB0FB45F059}.Release|Any CPU.Deploy.0 = Release|Any CPU
		{9EAE5F36-8DE3-4347-91F4-7EF05BDDE2F8}.Debug|Any CPU.ActiveCfg = Debug|Any CPU
		{9EAE5F36-8DE3-4347-91F4-7EF05BDDE2F8}.Debug|Any CPU.Build.0 = Debug|Any CPU
		{9EAE5F36-8DE3-4347-91F4-7EF05BDDE2F8}.Release|Any CPU.ActiveCfg = Release|Any CPU
		{9EAE5F36-8DE3-4347-91F4-7EF05BDDE2F8}.Release|Any CPU.Build.0 = Release|Any CPU
		{9EAE5F36-8DE3-4347-91F4-7EF05BDDE2F8}.Debug|Any CPU.Deploy.0 = Debug|Any CPU
		{9EAE5F36-8DE3-4347-91F4-7EF05BDDE2F8}.Release|Any CPU.Deploy.0 = Release|Any CPU
	EndGlobalSection
EndGlobal
